
Microsoft Visual Studio Solution File, Format Version 12.00
# Visual Studio Version 17
VisualStudioVersion = 17.9.34723.18
MinimumVisualStudioVersion = 10.0.40219.1
Project("{FAE04EC0-301F-11D3-BF4B-00C04F79EFBC}") = "Hacking_Multiplicative", "Hacking_Multiplicative\Hacking_Multiplicative.csproj", "{F9811A81-4CE7-441E-9ED5-F0AE0C84219B}"
EndProject
Global
	GlobalSection(SolutionConfigurationPlatforms) = preSolution
		Debug|Any CPU = Debug|Any CPU
		Release|Any CPU = Release|Any CPU
	EndGlobalSection
	GlobalSection(ProjectConfigurationPlatforms) = postSolution
		{F9811A81-4CE7-441E-9ED5-F0AE0C84219B}.Debug|Any CPU.ActiveCfg = Debug|Any CPU
		{F9811A81-4CE7-441E-9ED5-F0AE0C84219B}.Debug|Any CPU.Build.0 = Debug|Any CPU
		{F9811A81-4CE7-441E-9ED5-F0AE0C84219B}.Release|Any CPU.ActiveCfg = Release|Any CPU
		{F9811A81-4CE7-441E-9ED5-F0AE0C84219B}.Release|Any CPU.Build.0 = Release|Any CPU
	EndGlobalSection
	GlobalSection(SolutionProperties) = preSolution
		HideSolutionNode = FALSE
	EndGlobalSection
	GlobalSection(ExtensibilityGlobals) = postSolution
		SolutionGuid = {FC9B56FB-0F3B-4D99-BDC8-CB6DD37B14F0}
	EndGlobalSection
EndGlobal
